{
  "version": 4,
  "terraform_version": "1.9.4",
  "serial": 9,
  "lineage": "415fbe57-1899-4147-b14b-df7e3b69316d",
  "outputs": {
    "ecs_cluster_id": {
      "value": "arn:aws:ecs:us-east-1:011528303833:cluster/ecs-cluster-nvir",
      "type": "string"
    }
  },
  "resources": [
    {
      "mode": "data",
      "type": "terraform_remote_state",
      "name": "ecs_cluster",
      "provider": "provider[\"terraform.io/builtin/terraform\"]",
      "instances": [
        {
          "schema_version": 0,
          "attributes": {
            "backend": "s3",
            "config": {
              "value": {
                "bucket": "terraform-state-aws-es-devops-cloud-wizard",
                "key": "dev-cluster-ecs.tfstate",
                "region": "us-east-1"
              },
              "type": [
                "object",
                {
                  "bucket": "string",
                  "key": "string",
                  "region": "string"
                }
              ]
            },
            "defaults": null,
            "outputs": {
              "value": {
                "alb_arn": "arn:aws:elasticloadbalancing:us-east-1:011528303833:loadbalancer/app/es-alb/a1671e277f52e6c0"
              },
              "type": [
                "object",
                {
                  "alb_arn": "string"
                }
              ]
            },
            "workspace": null
          },
          "sensitive_attributes": []
        }
      ]
    },
    {
      "module": "module.ecs",
      "mode": "managed",
      "type": "aws_cloudwatch_log_group",
      "name": "glitchtip_logs",
      "provider": "provider[\"registry.terraform.io/hashicorp/aws\"]",
      "instances": [
        {
          "schema_version": 0,
          "attributes": {
            "arn": "arn:aws:logs:us-east-1:011528303833:log-group:/ecs/glitchtip",
            "id": "/ecs/glitchtip",
            "kms_key_id": "",
            "name": "/ecs/glitchtip",
            "name_prefix": "",
            "retention_in_days": 0,
            "skip_destroy": false,
            "tags": {},
            "tags_all": {}
          },
          "sensitive_attributes": [],
          "private": "bnVsbA=="
        }
      ]
    },
    {
      "module": "module.ecs",
      "mode": "managed",
      "type": "aws_ecs_cluster",
      "name": "main",
      "provider": "provider[\"registry.terraform.io/hashicorp/aws\"]",
      "instances": [
        {
          "schema_version": 0,
          "attributes": {
            "arn": "arn:aws:ecs:us-east-1:011528303833:cluster/ecs-cluster-nvir",
            "capacity_providers": [],
            "configuration": [],
            "default_capacity_provider_strategy": [],
            "id": "arn:aws:ecs:us-east-1:011528303833:cluster/ecs-cluster-nvir",
            "name": "ecs-cluster-nvir",
            "service_connect_defaults": [],
            "setting": [
              {
                "name": "containerInsights",
                "value": "disabled"
              }
            ],
            "tags": {},
            "tags_all": {}
          },
          "sensitive_attributes": [],
          "private": "bnVsbA=="
        }
      ]
    },
    {
      "module": "module.ecs",
      "mode": "managed",
      "type": "aws_ecs_service",
      "name": "glitchtip_service",
      "provider": "provider[\"registry.terraform.io/hashicorp/aws\"]",
      "instances": [
        {
          "schema_version": 0,
          "attributes": {
            "alarms": [],
            "capacity_provider_strategy": [],
            "cluster": "arn:aws:ecs:us-east-1:011528303833:cluster/ecs-cluster-nvir",
            "deployment_circuit_breaker": [
              {
                "enable": false,
                "rollback": false
              }
            ],
            "deployment_controller": [
              {
                "type": "ECS"
              }
            ],
            "deployment_maximum_percent": 200,
            "deployment_minimum_healthy_percent": 100,
            "desired_count": 1,
            "enable_ecs_managed_tags": false,
            "enable_execute_command": false,
            "force_new_deployment": null,
            "health_check_grace_period_seconds": 0,
            "iam_role": "/aws-service-role/ecs.amazonaws.com/AWSServiceRoleForECS",
            "id": "arn:aws:ecs:us-east-1:011528303833:service/ecs-cluster-nvir/glitchtip-service",
            "launch_type": "FARGATE",
            "load_balancer": [
              {
                "container_name": "glitchtip",
                "container_port": 8000,
                "elb_name": "",
                "target_group_arn": "arn:aws:elasticloadbalancing:us-east-1:011528303833:targetgroup/glitchtip-tg/c2e0cb1034029310"
              }
            ],
            "name": "glitchtip-service",
            "network_configuration": [
              {
                "assign_public_ip": false,
                "security_groups": [
                  "sg-03ba2ab3ae1c4c848"
                ],
                "subnets": [
                  "subnet-03adfa781aa00b3c5",
                  "subnet-054c838f4be5028e9"
                ]
              }
            ],
            "ordered_placement_strategy": [],
            "placement_constraints": [],
            "platform_version": "LATEST",
            "propagate_tags": "NONE",
            "scheduling_strategy": "REPLICA",
            "service_connect_configuration": [],
            "service_registries": [],
            "tags": null,
            "tags_all": {},
            "task_definition": "arn:aws:ecs:us-east-1:011528303833:task-definition/glitchtip:25",
            "timeouts": null,
            "triggers": {},
            "wait_for_steady_state": false
          },
          "sensitive_attributes": [],
          "private": "eyJlMmJmYjczMC1lY2FhLTExZTYtOGY4OC0zNDM2M2JjN2M0YzAiOnsiY3JlYXRlIjoxMjAwMDAwMDAwMDAwLCJkZWxldGUiOjEyMDAwMDAwMDAwMDAsInVwZGF0ZSI6MTIwMDAwMDAwMDAwMH19",
          "dependencies": [
            "data.terraform_remote_state.ecs_cluster",
            "module.ecs.aws_ecs_cluster.main",
            "module.ecs.aws_ecs_task_definition.glitchtip",
            "module.ecs.aws_lb_listener.glitchtip_http",
            "module.ecs.aws_lb_target_group.glitchtip_tg"
          ]
        }
      ]
    },
    {
      "module": "module.ecs",
      "mode": "managed",
      "type": "aws_ecs_task_definition",
      "name": "glitchtip",
      "provider": "provider[\"registry.terraform.io/hashicorp/aws\"]",
      "instances": [
        {
          "schema_version": 1,
          "attributes": {
            "arn": "arn:aws:ecs:us-east-1:011528303833:task-definition/glitchtip:25",
            "arn_without_revision": "arn:aws:ecs:us-east-1:011528303833:task-definition/glitchtip",
            "container_definitions": "[{\"cpu\":0,\"environment\":[{\"name\":\"CELERY_WORKER_AUTOSCALE\",\"value\":\"1,3\"},{\"name\":\"CELERY_WORKER_MAX_TASKS_PER_CHILD\",\"value\":\"10000\"},{\"name\":\"DATABASE_URL\",\"value\":\"postgres://postgre:Broomble123@database-1.c58gaqk06m5v.us-east-1.rds.amazonaws.com:5432/postgres\"},{\"name\":\"DEFAULT_FROM_EMAIL\",\"value\":\"email@glitchtip.com\"},{\"name\":\"EMAIL_URL\",\"value\":\"consolemail://\"},{\"name\":\"GLITCHTIP_DOMAIN\",\"value\":\"https://app.glitchtip.com\"},{\"name\":\"PORT\",\"value\":\"8000\"},{\"name\":\"SECRET_KEY\",\"value\":\"c4NQqyBI8_-80-xlpUKRyMk7yMjgfODxGyR2ZActm00GXGUudnfvsOFeindDy-8DWhw\"}],\"essential\":true,\"image\":\"glitchtip/glitchtip\",\"mountPoints\":[],\"name\":\"glitchtip\",\"portMappings\":[{\"containerPort\":8000,\"hostPort\":8000,\"protocol\":\"tcp\"}],\"systemControls\":[],\"volumesFrom\":[]},{\"command\":[\"./bin/run-celery-with-beat.sh\"],\"cpu\":0,\"environment\":[{\"name\":\"CELERY_WORKER_AUTOSCALE\",\"value\":\"1,3\"},{\"name\":\"CELERY_WORKER_MAX_TASKS_PER_CHILD\",\"value\":\"10000\"},{\"name\":\"DATABASE_URL\",\"value\":\"postgres://postgre:Broomble123@database-1.c58gaqk06m5v.us-east-1.rds.amazonaws.com:5432/postgres\"},{\"name\":\"DEFAULT_FROM_EMAIL\",\"value\":\"email@glitchtip.com\"},{\"name\":\"EMAIL_URL\",\"value\":\"consolemail://\"},{\"name\":\"GLITCHTIP_DOMAIN\",\"value\":\"https://app.glitchtip.com\"},{\"name\":\"PORT\",\"value\":\"8000\"},{\"name\":\"SECRET_KEY\",\"value\":\"c4NQqyBI8_-80-xlpUKRyMk7yMjgfODxGyR2ZActm00GXGUudnfvsOFeindDy-8DWhw\"}],\"essential\":false,\"image\":\"glitchtip/glitchtip\",\"mountPoints\":[],\"name\":\"worker\",\"portMappings\":[],\"systemControls\":[],\"volumesFrom\":[]}]",
            "cpu": "256",
            "ephemeral_storage": [],
            "execution_role_arn": "arn:aws:iam::011528303833:role/ecs-task-execution-role",
            "family": "glitchtip",
            "id": "glitchtip",
            "inference_accelerator": [],
            "ipc_mode": "",
            "memory": "512",
            "network_mode": "awsvpc",
            "pid_mode": "",
            "placement_constraints": [],
            "proxy_configuration": [],
            "requires_compatibilities": [
              "FARGATE"
            ],
            "revision": 25,
            "runtime_platform": [],
            "skip_destroy": false,
            "tags": {},
            "tags_all": {},
            "task_role_arn": "",
            "volume": []
          },
          "sensitive_attributes": [],
          "private": "eyJzY2hlbWFfdmVyc2lvbiI6IjEifQ=="
        }
      ]
    },
    {
      "module": "module.ecs",
      "mode": "managed",
      "type": "aws_lb_listener",
      "name": "glitchtip_http",
      "provider": "provider[\"registry.terraform.io/hashicorp/aws\"]",
      "instances": [
        {
          "schema_version": 0,
          "attributes": {
            "alpn_policy": null,
            "arn": "arn:aws:elasticloadbalancing:us-east-1:011528303833:listener/app/es-alb/a1671e277f52e6c0/6323f80da8b45931",
            "certificate_arn": null,
            "default_action": [
              {
                "authenticate_cognito": [],
                "authenticate_oidc": [],
                "fixed_response": [],
                "forward": [],
                "order": 1,
                "redirect": [],
                "target_group_arn": "arn:aws:elasticloadbalancing:us-east-1:011528303833:targetgroup/glitchtip-tg/c2e0cb1034029310",
                "type": "forward"
              }
            ],
            "id": "arn:aws:elasticloadbalancing:us-east-1:011528303833:listener/app/es-alb/a1671e277f52e6c0/6323f80da8b45931",
            "load_balancer_arn": "arn:aws:elasticloadbalancing:us-east-1:011528303833:loadbalancer/app/es-alb/a1671e277f52e6c0",
            "port": 8000,
            "protocol": "HTTP",
            "ssl_policy": "",
            "tags": null,
            "tags_all": {},
            "timeouts": null
          },
          "sensitive_attributes": [],
          "private": "eyJlMmJmYjczMC1lY2FhLTExZTYtOGY4OC0zNDM2M2JjN2M0YzAiOnsicmVhZCI6NjAwMDAwMDAwMDAwfX0=",
          "dependencies": [
            "data.terraform_remote_state.ecs_cluster",
            "module.ecs.aws_lb_target_group.glitchtip_tg"
          ]
        }
      ]
    },
    {
      "module": "module.ecs",
      "mode": "managed",
      "type": "aws_lb_target_group",
      "name": "glitchtip_tg",
      "provider": "provider[\"registry.terraform.io/hashicorp/aws\"]",
      "instances": [
        {
          "schema_version": 0,
          "attributes": {
            "arn": "arn:aws:elasticloadbalancing:us-east-1:011528303833:targetgroup/glitchtip-tg/c2e0cb1034029310",
            "arn_suffix": "targetgroup/glitchtip-tg/c2e0cb1034029310",
            "connection_termination": false,
            "deregistration_delay": "300",
            "health_check": [
              {
                "enabled": true,
                "healthy_threshold": 3,
                "interval": 30,
                "matcher": "200",
                "path": "/",
                "port": "traffic-port",
                "protocol": "HTTP",
                "timeout": 5,
                "unhealthy_threshold": 3
              }
            ],
            "id": "arn:aws:elasticloadbalancing:us-east-1:011528303833:targetgroup/glitchtip-tg/c2e0cb1034029310",
            "ip_address_type": "ipv4",
            "lambda_multi_value_headers_enabled": false,
            "load_balancing_algorithm_type": "round_robin",
            "load_balancing_cross_zone_enabled": "use_load_balancer_configuration",
            "name": "glitchtip-tg",
            "name_prefix": null,
            "port": 8000,
            "preserve_client_ip": null,
            "protocol": "HTTP",
            "protocol_version": "HTTP1",
            "proxy_protocol_v2": false,
            "slow_start": 0,
            "stickiness": [
              {
                "cookie_duration": 86400,
                "cookie_name": "",
                "enabled": false,
                "type": "lb_cookie"
              }
            ],
            "tags": {},
            "tags_all": {},
            "target_failover": [
              {
                "on_deregistration": null,
                "on_unhealthy": null
              }
            ],
            "target_type": "ip",
            "vpc_id": "vpc-0cfd003c32881640e"
          },
          "sensitive_attributes": [],
          "private": "bnVsbA=="
        }
      ]
    }
  ],
  "check_results": null
}
