{
  "version": 4,
  "terraform_version": "1.2.3",
  "serial": 6,
  "lineage": "6dbeb7cb-0af7-249f-033d-994fcbfb37fc",
  "outputs": {
    "lock_table": {
      "value": "terraform-state-aws-es-devops-cloud-wizard",
      "type": "string"
    },
    "state_bucket": {
      "value": "terraform-state-aws-es-devops-cloud-wizard",
      "type": "string"
    }
  },
  "resources": [
    {
      "module": "module.pre_init",
      "mode": "managed",
      "type": "aws_dynamodb_table",
      "name": "lock",
      "provider": "provider[\"registry.terraform.io/hashicorp/aws\"]",
      "instances": [
        {
          "schema_version": 1,
          "attributes": {
            "arn": "arn:aws:dynamodb:eu-central-1:004571937517:table/terraform-state-aws-es-devops-cloud-wizard",
            "attribute": [
              {
                "name": "LockID",
                "type": "S"
              }
            ],
            "billing_mode": "PAY_PER_REQUEST",
            "global_secondary_index": [],
            "hash_key": "LockID",
            "id": "terraform-state-aws-es-devops-cloud-wizard",
            "local_secondary_index": [],
            "name": "terraform-state-aws-es-devops-cloud-wizard",
            "point_in_time_recovery": [
              {
                "enabled": false
              }
            ],
            "range_key": null,
            "read_capacity": 0,
            "replica": [],
            "restore_date_time": null,
            "restore_source_name": null,
            "restore_to_latest_time": null,
            "server_side_encryption": [
              {
                "enabled": true,
                "kms_key_arn": "arn:aws:kms:eu-central-1:004571937517:key/f832d0e4-d6be-4c78-9425-d04c762b6752"
              }
            ],
            "stream_arn": "",
            "stream_enabled": false,
            "stream_label": "",
            "stream_view_type": "",
            "table_class": "",
            "tags": {
              "Env": "dev",
              "ManagedBy": "pre-init",
              "Project": "aws-es-devops"
            },
            "tags_all": {
              "Env": "dev",
              "ManagedBy": "pre-init",
              "Project": "aws-es-devops"
            },
            "timeouts": null,
            "ttl": [
              {
                "attribute_name": "",
                "enabled": false
              }
            ],
            "write_capacity": 0
          },
          "sensitive_attributes": [],
          "private": "eyJlMmJmYjczMC1lY2FhLTExZTYtOGY4OC0zNDM2M2JjN2M0YzAiOnsiY3JlYXRlIjoxODAwMDAwMDAwMDAwLCJkZWxldGUiOjYwMDAwMDAwMDAwMCwidXBkYXRlIjozNjAwMDAwMDAwMDAwfSwic2NoZW1hX3ZlcnNpb24iOiIxIn0="
        }
      ]
    },
    {
      "module": "module.pre_init",
      "mode": "managed",
      "type": "aws_s3_bucket",
      "name": "state",
      "provider": "provider[\"registry.terraform.io/hashicorp/aws\"]",
      "instances": [
        {
          "schema_version": 0,
          "attributes": {
            "acceleration_status": "",
            "acl": null,
            "arn": "arn:aws:s3:::terraform-state-aws-es-devops-cloud-wizard",
            "bucket": "terraform-state-aws-es-devops-cloud-wizard",
            "bucket_domain_name": "terraform-state-aws-es-devops-cloud-wizard.s3.amazonaws.com",
            "bucket_prefix": null,
            "bucket_regional_domain_name": "terraform-state-aws-es-devops-cloud-wizard.s3.eu-central-1.amazonaws.com",
            "cors_rule": [],
            "force_destroy": false,
            "grant": [
              {
                "id": "2bc98ee51b1417003a541b9143b187440b73c84cccd4b3a4f1236806b3ae5c21",
                "permissions": [
                  "FULL_CONTROL"
                ],
                "type": "CanonicalUser",
                "uri": ""
              }
            ],
            "hosted_zone_id": "Z21DNDUVLTQW6Q",
            "id": "terraform-state-aws-es-devops-cloud-wizard",
            "lifecycle_rule": [],
            "logging": [],
            "object_lock_configuration": [],
            "object_lock_enabled": false,
            "policy": "",
            "region": "eu-central-1",
            "replication_configuration": [],
            "request_payer": "BucketOwner",
            "server_side_encryption_configuration": [
              {
                "rule": [
                  {
                    "apply_server_side_encryption_by_default": [
                      {
                        "kms_master_key_id": "",
                        "sse_algorithm": "AES256"
                      }
                    ],
                    "bucket_key_enabled": false
                  }
                ]
              }
            ],
            "tags": {
              "Env": "dev",
              "ManagedBy": "pre-init",
              "Project": "aws-es-devops"
            },
            "tags_all": {
              "Env": "dev",
              "ManagedBy": "pre-init",
              "Project": "aws-es-devops"
            },
            "versioning": [
              {
                "enabled": true,
                "mfa_delete": false
              }
            ],
            "website": [],
            "website_domain": null,
            "website_endpoint": null
          },
          "sensitive_attributes": [],
          "private": "bnVsbA=="
        }
      ]
    },
    {
      "module": "module.pre_init",
      "mode": "managed",
      "type": "aws_s3_bucket_server_side_encryption_configuration",
      "name": "state",
      "provider": "provider[\"registry.terraform.io/hashicorp/aws\"]",
      "instances": [
        {
          "schema_version": 0,
          "attributes": {
            "bucket": "terraform-state-aws-es-devops-cloud-wizard",
            "expected_bucket_owner": "",
            "id": "terraform-state-aws-es-devops-cloud-wizard",
            "rule": [
              {
                "apply_server_side_encryption_by_default": [
                  {
                    "kms_master_key_id": "",
                    "sse_algorithm": "AES256"
                  }
                ],
                "bucket_key_enabled": false
              }
            ]
          },
          "sensitive_attributes": [],
          "private": "bnVsbA==",
          "dependencies": [
            "module.pre_init.aws_s3_bucket.state"
          ]
        }
      ]
    },
    {
      "module": "module.pre_init",
      "mode": "managed",
      "type": "aws_s3_bucket_versioning",
      "name": "state",
      "provider": "provider[\"registry.terraform.io/hashicorp/aws\"]",
      "instances": [
        {
          "schema_version": 0,
          "attributes": {
            "bucket": "terraform-state-aws-es-devops-cloud-wizard",
            "expected_bucket_owner": "",
            "id": "terraform-state-aws-es-devops-cloud-wizard",
            "mfa": null,
            "versioning_configuration": [
              {
                "mfa_delete": "",
                "status": "Enabled"
              }
            ]
          },
          "sensitive_attributes": [],
          "private": "bnVsbA==",
          "dependencies": [
            "module.pre_init.aws_s3_bucket.state"
          ]
        }
      ]
    }
  ]
}
